
Microsoft Visual Studio Solution File, Format Version 12.00
# Visual Studio 15
VisualStudioVersion = 15.0.28307.539
MinimumVisualStudioVersion = 10.0.40219.1
Project("{FAE04EC0-301F-11D3-BF4B-00C04F79EFBC}") = "EZNEW.Email", "EZNEW.Email\EZNEW.Email.csproj", "{212A965D-2892-4606-AAFE-3553590929FC}"
EndProject
Global
	GlobalSection(SolutionConfigurationPlatforms) = preSolution
		Debug|Any CPU = Debug|Any CPU
		Release|Any CPU = Release|Any CPU
	EndGlobalSection
	GlobalSection(ProjectConfigurationPlatforms) = postSolution
		{212A965D-2892-4606-AAFE-3553590929FC}.Debug|Any CPU.ActiveCfg = Debug|Any CPU
		{212A965D-2892-4606-AAFE-3553590929FC}.Debug|Any CPU.Build.0 = Debug|Any CPU
		{212A965D-2892-4606-AAFE-3553590929FC}.Release|Any CPU.ActiveCfg = Release|Any CPU
		{212A965D-2892-4606-AAFE-3553590929FC}.Release|Any CPU.Build.0 = Release|Any CPU
	EndGlobalSection
	GlobalSection(SolutionProperties) = preSolution
		HideSolutionNode = FALSE
	EndGlobalSection
	GlobalSection(ExtensibilityGlobals) = postSolution
		SolutionGuid = {ADE41A07-F0F8-40E1-844C-6E1DDCBAAF18}
	EndGlobalSection
EndGlobal
